# This file is autogenerated, do not edit; changes may be undone by the next 'dep ensure'.


[[projects]]
  branch = "master"
  digest = "1:4216b69b3f50e6720a86806f5696861d31d722db587f919b0f2de35362f7facb"
  name = "github.com/apaz037/masche"
  packages = [
    "common",
    "cresponse",
    "process",
  ]
  pruneopts = "UT"
  revision = "2463685e11b03248779d1a0afcd3a6ecaf19f222"

[[projects]]
  branch = "master"
  digest = "1:d6afaeed1502aa28e80a4ed0981d570ad91b2579193404256ce672ed0a609e0d"
  name = "github.com/beorn7/perks"
  packages = ["quantile"]
  pruneopts = "UT"
  revision = "3a771d992973f24aa725d07868b467d1ddfceafb"

[[projects]]
  digest = "1:7137ccf07b2c023865a12c0bbc758835be807cbf150777460eb1f9bd9d210f4d"
  name = "github.com/docker/docker"
  packages = [
    "pkg/ioutils",
    "pkg/longpath",
  ]
  pruneopts = "UT"
  revision = "092cba3727bb9b4a2f0e922cd6c0f93ea270e363"
  version = "v1.13.1"

[[projects]]
  digest = "1:318f1c959a8a740366fce4b1e1eb2fd914036b4af58fbd0a003349b305f118ad"
  name = "github.com/golang/protobuf"
  packages = ["proto"]
  pruneopts = "UT"
  revision = "b5d812f8a3706043e23a9cd5babf2e5423744d30"
  version = "v1.3.1"

[[projects]]
  digest = "1:ca59b1175189b3f0e9f1793d2c350114be36eaabbe5b9f554b35edee1de50aea"
  name = "github.com/gorilla/mux"
  packages = ["."]
  pruneopts = "UT"
  revision = "a7962380ca08b5a188038c69871b8d3fbdf31e89"
  version = "v1.7.0"

[[projects]]
  digest = "1:870d441fe217b8e689d7949fef6e43efbc787e50f200cb1e70dbca9204a1d6be"
  name = "github.com/inconshreveable/mousetrap"
  packages = ["."]
  pruneopts = "UT"
  revision = "76626ae9c91c4f2a10f34cad8ce83ea42c93bb75"
  version = "v1.0"

[[projects]]
  digest = "1:31e761d97c76151dde79e9d28964a812c46efc5baee4085b86f68f0c654450de"
  name = "github.com/konsorten/go-windows-terminal-sequences"
  packages = ["."]
  pruneopts = "UT"
  revision = "f55edac94c9bbba5d6182a4be46d86a2c9b5b50e"
  version = "v1.0.2"

[[projects]]
  digest = "1:ca955a9cd5b50b0f43d2cc3aeb35c951473eeca41b34eb67507f1dbcc0542394"
  name = "github.com/kr/pretty"
  packages = ["."]
  pruneopts = "UT"
  revision = "73f6ac0b30a98e433b289500d779f50c1a6f0712"
  version = "v0.1.0"

[[projects]]
  digest = "1:15b5cc79aad436d47019f814fde81a10221c740dc8ddf769221a65097fb6c2e9"
  name = "github.com/kr/text"
  packages = ["."]
  pruneopts = "UT"
  revision = "e2ffdb16a802fe2bb95e2e35ff34f0e53aeef34f"
  version = "v0.1.0"

[[projects]]
  digest = "1:ff5ebae34cfbf047d505ee150de27e60570e8c394b3b8fdbb720ff6ac71985fc"
  name = "github.com/matttproud/golang_protobuf_extensions"
  packages = ["pbutil"]
  pruneopts = "UT"
  revision = "c12348ce28de40eed0136aa2b644d0ee0650e56c"
  version = "v1.0.1"

[[projects]]
  digest = "1:cf31692c14422fa27c83a05292eb5cbe0fb2775972e8f1f8446a71549bd8980b"
  name = "github.com/pkg/errors"
  packages = ["."]
  pruneopts = "UT"
  revision = "ba968bfe8b2f7e042a574c888954fccecfa385b4"
  version = "v0.8.1"

[[projects]]
  digest = "1:a1d2e9eb9e0c863fa08511e2a20084b971f4592c0a7587b987c49c257390ed94"
  name = "github.com/polyverse/binexp"
  packages = [
    ".",
    "syntax",
  ]
  pruneopts = "UT"
  revision = "2a9f5a2d006cb4125ea85f1f82db5c2781f2a316"
  version = "v1.1.8"

[[projects]]
  branch = "master"
  digest = "1:6de6af192a872cf64f5c4957bc257058e16bc7e60ed839afc1f5eb3d2584c53a"
  name = "github.com/polyverse/masche"
  packages = [
    "common",
    "cresponse",
    "listlibs",
    "memaccess",
    "process",
  ]
  pruneopts = "UT"
  revision = "d8f4f3b7adf6d88593b3e85a67c2bb124583c2de"

[[projects]]
  digest = "1:93a746f1060a8acbcf69344862b2ceced80f854170e1caae089b2834c5fbf7f4"
  name = "github.com/prometheus/client_golang"
  packages = [
    "prometheus",
    "prometheus/internal",
    "prometheus/promhttp",
  ]
  pruneopts = "UT"
  revision = "505eaef017263e299324067d40ca2c48f6a2cf50"
  version = "v0.9.2"

[[projects]]
  branch = "master"
  digest = "1:2d5cd61daa5565187e1d96bae64dbbc6080dacf741448e9629c64fd93203b0d4"
  name = "github.com/prometheus/client_model"
  packages = ["go"]
  pruneopts = "UT"
  revision = "fd36f4220a901265f90734c3183c5f0c91daa0b8"

[[projects]]
  digest = "1:35cf6bdf68db765988baa9c4f10cc5d7dda1126a54bd62e252dbcd0b1fc8da90"
  name = "github.com/prometheus/common"
  packages = [
    "expfmt",
    "internal/bitbucket.org/ww/goautoneg",
    "model",
  ]
  pruneopts = "UT"
  revision = "cfeb6f9992ffa54aaa4f2170ade4067ee478b250"
  version = "v0.2.0"

[[projects]]
  branch = "master"
  digest = "1:f806b417865e83457c3659232926203f5b0d39aa741b71d9e3e4c0c774e71a5c"
  name = "github.com/prometheus/procfs"
  packages = ["."]
  pruneopts = "UT"
  revision = "af7bedc223fba51343f25a6fa7aba84355d0357a"

[[projects]]
  digest = "1:e4c72127d910a96daf869a44f3dd563b86dbe6931a172863a0e99c5ff04b59e4"
  name = "github.com/sirupsen/logrus"
  packages = ["."]
  pruneopts = "UT"
  revision = "dae0fa8d5b0c810a8ab733fbd5510c7cae84eca4"
  version = "v1.4.0"

[[projects]]
  digest = "1:645cabccbb4fa8aab25a956cbcbdf6a6845ca736b2c64e197ca7cbb9d210b939"
  name = "github.com/spf13/cobra"
  packages = ["."]
  pruneopts = "UT"
  revision = "ef82de70bb3f60c65fb8eebacbb2d122ef517385"
  version = "v0.0.3"

[[projects]]
  digest = "1:c1b1102241e7f645bc8e0c22ae352e8f0dc6484b6cb4d132fa9f24174e0119e2"
  name = "github.com/spf13/pflag"
  packages = ["."]
  pruneopts = "UT"
  revision = "298182f68c66c05229eb03ac171abe6e309ee79a"
  version = "v1.0.3"

[[projects]]
  branch = "master"
  digest = "1:7a081b4c309013e2aaa2ef021fcaf12c09af13575b7117280b726e8bbcdd474b"
  name = "golang.org/x/arch"
  packages = ["x86/x86asm"]
  pruneopts = "UT"
  revision = "788fe5ffcd8c07da9e57a7f3b134c13864be60be"

[[projects]]
  branch = "master"
  digest = "1:bbe51412d9915d64ffaa96b51d409e070665efc5194fcf145c4a27d4133107a4"
  name = "golang.org/x/crypto"
  packages = ["ssh/terminal"]
  pruneopts = "UT"
  revision = "a5d413f7728c81fb97d96a2b722368945f651e78"

[[projects]]
  branch = "master"
  digest = "1:76ee51c3f468493aff39dbacc401e8831fbb765104cbf613b89bef01cf4bad70"
  name = "golang.org/x/net"
  packages = ["context"]
  pruneopts = "UT"
  revision = "63eda1eb0650888965ead1296efd04d0b2b61128"

[[projects]]
  branch = "master"
  digest = "1:6b3e6ddcebac95be1d690dbd53b5aa2e520715becb7e521bb526ccf3b4c53c15"
  name = "golang.org/x/sys"
  packages = [
    "unix",
    "windows",
  ]
  pruneopts = "UT"
  revision = "f49334f85ddcf0f08d7fb6dd7363e9e6d6b777eb"

[[projects]]
  branch = "v1"
  digest = "1:af715ae33cc1f5695c4b2a4e4b21d008add8802a99e15bb467ac7c32edb5000d"
  name = "gopkg.in/check.v1"
  packages = ["."]
  pruneopts = "UT"
  revision = "788fd78401277ebd861206a03c884797c6ec5541"

[solve-meta]
  analyzer-name = "dep"
  analyzer-version = 1
  input-imports = [
    "github.com/apaz037/masche/process",
    "github.com/docker/docker/pkg/ioutils",
    "github.com/gorilla/mux",
    "github.com/pkg/errors",
    "github.com/polyverse/binexp",
    "github.com/polyverse/masche/listlibs",
    "github.com/polyverse/masche/memaccess",
    "github.com/polyverse/masche/process",
    "github.com/prometheus/client_golang/prometheus/promhttp",
    "github.com/sirupsen/logrus",
    "github.com/spf13/cobra",
    "golang.org/x/arch/x86/x86asm",
    "gopkg.in/check.v1",
  ]
  solver-name = "gps-cdcl"
  solver-version = 1
